// !$*UTF8*$!
{
	archiveVersion = 1;
	classes = {
	};
	objectVersion = 46;
	objects = {

/* Begin PBXBuildFile section */
		668587FB40514F04621507FC /* Pods_MovieApp.framework in Frameworks */ = {isa = PBXBuildFile; fileRef = 9C84B2EEAE037A8C38B3998A /* Pods_MovieApp.framework */; };
		79D299D5E5D8950678767DBB /* Pods_MovieAppTests.framework in Frameworks */ = {isa = PBXBuildFile; fileRef = 8BFA8DCCE2ED02DC4ACB47C3 /* Pods_MovieAppTests.framework */; };
		90082ECE215260B100767ED3 /* AppDelegate.swift in Sources */ = {isa = PBXBuildFile; fileRef = 90082ECD215260B100767ED3 /* AppDelegate.swift */; };
		90082ED0215260B100767ED3 /* MovieHomeViewController.swift in Sources */ = {isa = PBXBuildFile; fileRef = 90082ECF215260B100767ED3 /* MovieHomeViewController.swift */; };
		90082ED3215260B100767ED3 /* Main.storyboard in Resources */ = {isa = PBXBuildFile; fileRef = 90082ED1215260B100767ED3 /* Main.storyboard */; };
		90082ED5215260B100767ED3 /* Assets.xcassets in Resources */ = {isa = PBXBuildFile; fileRef = 90082ED4215260B100767ED3 /* Assets.xcassets */; };
		90082ED8215260B100767ED3 /* LaunchScreen.storyboard in Resources */ = {isa = PBXBuildFile; fileRef = 90082ED6215260B100767ED3 /* LaunchScreen.storyboard */; };
		90082EE3215260B100767ED3 /* MovieAppTests.swift in Sources */ = {isa = PBXBuildFile; fileRef = 90082EE2215260B100767ED3 /* MovieAppTests.swift */; };
		90082EF32152652800767ED3 /* MovieDetailsViewController.swift in Sources */ = {isa = PBXBuildFile; fileRef = 90082EF22152652800767ED3 /* MovieDetailsViewController.swift */; };
		90082EF52152653C00767ED3 /* MovieHomeViewModel.swift in Sources */ = {isa = PBXBuildFile; fileRef = 90082EF42152653C00767ED3 /* MovieHomeViewModel.swift */; };
		90082EF72152654A00767ED3 /* MovieDetailViewModel.swift in Sources */ = {isa = PBXBuildFile; fileRef = 90082EF62152654A00767ED3 /* MovieDetailViewModel.swift */; };
		90082EF92152657300767ED3 /* MovieHomeModel.swift in Sources */ = {isa = PBXBuildFile; fileRef = 90082EF82152657300767ED3 /* MovieHomeModel.swift */; };
		90082EFB2152658100767ED3 /* MovieDetailsModel.swift in Sources */ = {isa = PBXBuildFile; fileRef = 90082EFA2152658100767ED3 /* MovieDetailsModel.swift */; };
		90082EFD2152659C00767ED3 /* MovieHomeAPIService.swift in Sources */ = {isa = PBXBuildFile; fileRef = 90082EFC2152659C00767ED3 /* MovieHomeAPIService.swift */; };
		90082EFF215265AD00767ED3 /* MovieDetailsAPIService.swift in Sources */ = {isa = PBXBuildFile; fileRef = 90082EFE215265AD00767ED3 /* MovieDetailsAPIService.swift */; };
		90082F012152660600767ED3 /* MovieCollectionViewCell.swift in Sources */ = {isa = PBXBuildFile; fileRef = 90082F002152660600767ED3 /* MovieCollectionViewCell.swift */; };
/* End PBXBuildFile section */

/* Begin PBXContainerItemProxy section */
		90082EDF215260B100767ED3 /* PBXContainerItemProxy */ = {
			isa = PBXContainerItemProxy;
			containerPortal = 90082EC2215260B100767ED3 /* Project object */;
			proxyType = 1;
			remoteGlobalIDString = 90082EC9215260B100767ED3;
			remoteInfo = MovieApp;
		};
/* End PBXContainerItemProxy section */

/* Begin PBXFileReference section */
		4EB890EC5C08078E52CBD5A4 /* Pods-MovieApp.release.xcconfig */ = {isa = PBXFileReference; includeInIndex = 1; lastKnownFileType = text.xcconfig; name = "Pods-MovieApp.release.xcconfig"; path = "Pods/Target Support Files/Pods-MovieApp/Pods-MovieApp.release.xcconfig"; sourceTree = "<group>"; };
		8BFA8DCCE2ED02DC4ACB47C3 /* Pods_MovieAppTests.framework */ = {isa = PBXFileReference; explicitFileType = wrapper.framework; includeInIndex = 0; path = Pods_MovieAppTests.framework; sourceTree = BUILT_PRODUCTS_DIR; };
		90082ECA215260B100767ED3 /* MovieApp.app */ = {isa = PBXFileReference; explicitFileType = wrapper.application; includeInIndex = 0; path = MovieApp.app; sourceTree = BUILT_PRODUCTS_DIR; };
		90082ECD215260B100767ED3 /* AppDelegate.swift */ = {isa = PBXFileReference; lastKnownFileType = sourcecode.swift; path = AppDelegate.swift; sourceTree = "<group>"; };
		90082ECF215260B100767ED3 /* MovieHomeViewController.swift */ = {isa = PBXFileReference; lastKnownFileType = sourcecode.swift; path = MovieHomeViewController.swift; sourceTree = "<group>"; };
		90082ED2215260B100767ED3 /* Base */ = {isa = PBXFileReference; lastKnownFileType = file.storyboard; name = Base; path = Base.lproj/Main.storyboard; sourceTree = "<group>"; };
		90082ED4215260B100767ED3 /* Assets.xcassets */ = {isa = PBXFileReference; lastKnownFileType = folder.assetcatalog; path = Assets.xcassets; sourceTree = "<group>"; };
		90082ED7215260B100767ED3 /* Base */ = {isa = PBXFileReference; lastKnownFileType = file.storyboard; name = Base; path = Base.lproj/LaunchScreen.storyboard; sourceTree = "<group>"; };
		90082ED9215260B100767ED3 /* Info.plist */ = {isa = PBXFileReference; lastKnownFileType = text.plist.xml; path = Info.plist; sourceTree = "<group>"; };
		90082EDE215260B100767ED3 /* MovieAppTests.xctest */ = {isa = PBXFileReference; explicitFileType = wrapper.cfbundle; includeInIndex = 0; path = MovieAppTests.xctest; sourceTree = BUILT_PRODUCTS_DIR; };
		90082EE2215260B100767ED3 /* MovieAppTests.swift */ = {isa = PBXFileReference; lastKnownFileType = sourcecode.swift; path = MovieAppTests.swift; sourceTree = "<group>"; };
		90082EE4215260B100767ED3 /* Info.plist */ = {isa = PBXFileReference; lastKnownFileType = text.plist.xml; path = Info.plist; sourceTree = "<group>"; };
		90082EF22152652800767ED3 /* MovieDetailsViewController.swift */ = {isa = PBXFileReference; fileEncoding = 4; lastKnownFileType = sourcecode.swift; path = MovieDetailsViewController.swift; sourceTree = "<group>"; };
		90082EF42152653C00767ED3 /* MovieHomeViewModel.swift */ = {isa = PBXFileReference; fileEncoding = 4; lastKnownFileType = sourcecode.swift; path = MovieHomeViewModel.swift; sourceTree = "<group>"; };
		90082EF62152654A00767ED3 /* MovieDetailViewModel.swift */ = {isa = PBXFileReference; fileEncoding = 4; lastKnownFileType = sourcecode.swift; path = MovieDetailViewModel.swift; sourceTree = "<group>"; };
		90082EF82152657300767ED3 /* MovieHomeModel.swift */ = {isa = PBXFileReference; fileEncoding = 4; lastKnownFileType = sourcecode.swift; path = MovieHomeModel.swift; sourceTree = "<group>"; };
		90082EFA2152658100767ED3 /* MovieDetailsModel.swift */ = {isa = PBXFileReference; fileEncoding = 4; lastKnownFileType = sourcecode.swift; path = MovieDetailsModel.swift; sourceTree = "<group>"; };
		90082EFC2152659C00767ED3 /* MovieHomeAPIService.swift */ = {isa = PBXFileReference; fileEncoding = 4; lastKnownFileType = sourcecode.swift; path = MovieHomeAPIService.swift; sourceTree = "<group>"; };
		90082EFE215265AD00767ED3 /* MovieDetailsAPIService.swift */ = {isa = PBXFileReference; fileEncoding = 4; lastKnownFileType = sourcecode.swift; path = MovieDetailsAPIService.swift; sourceTree = "<group>"; };
		90082F002152660600767ED3 /* MovieCollectionViewCell.swift */ = {isa = PBXFileReference; fileEncoding = 4; lastKnownFileType = sourcecode.swift; path = MovieCollectionViewCell.swift; sourceTree = "<group>"; };
		95DAB850AB82F72E16ECB247 /* Pods-MovieAppTests.debug.xcconfig */ = {isa = PBXFileReference; includeInIndex = 1; lastKnownFileType = text.xcconfig; name = "Pods-MovieAppTests.debug.xcconfig"; path = "Pods/Target Support Files/Pods-MovieAppTests/Pods-MovieAppTests.debug.xcconfig"; sourceTree = "<group>"; };
		9C84B2EEAE037A8C38B3998A /* Pods_MovieApp.framework */ = {isa = PBXFileReference; explicitFileType = wrapper.framework; includeInIndex = 0; path = Pods_MovieApp.framework; sourceTree = BUILT_PRODUCTS_DIR; };
		A735A40D9C11E832A884780D /* Pods-MovieApp.debug.xcconfig */ = {isa = PBXFileReference; includeInIndex = 1; lastKnownFileType = text.xcconfig; name = "Pods-MovieApp.debug.xcconfig"; path = "Pods/Target Support Files/Pods-MovieApp/Pods-MovieApp.debug.xcconfig"; sourceTree = "<group>"; };
		FF9016730837597473195606 /* Pods-MovieAppTests.release.xcconfig */ = {isa = PBXFileReference; includeInIndex = 1; lastKnownFileType = text.xcconfig; name = "Pods-MovieAppTests.release.xcconfig"; path = "Pods/Target Support Files/Pods-MovieAppTests/Pods-MovieAppTests.release.xcconfig"; sourceTree = "<group>"; };
/* End PBXFileReference section */

/* Begin PBXFrameworksBuildPhase section */
		90082EC7215260B100767ED3 /* Frameworks */ = {
			isa = PBXFrameworksBuildPhase;
			buildActionMask = 2147483647;
			files = (
				668587FB40514F04621507FC /* Pods_MovieApp.framework in Frameworks */,
			);
			runOnlyForDeploymentPostprocessing = 0;
		};
		90082EDB215260B100767ED3 /* Frameworks */ = {
			isa = PBXFrameworksBuildPhase;
			buildActionMask = 2147483647;
			files = (
				79D299D5E5D8950678767DBB /* Pods_MovieAppTests.framework in Frameworks */,
			);
			runOnlyForDeploymentPostprocessing = 0;
		};
/* End PBXFrameworksBuildPhase section */

/* Begin PBXGroup section */
		840E6889C3D18A84FEEAE38D /* Pods */ = {
			isa = PBXGroup;
			children = (
				A735A40D9C11E832A884780D /* Pods-MovieApp.debug.xcconfig */,
				4EB890EC5C08078E52CBD5A4 /* Pods-MovieApp.release.xcconfig */,
				95DAB850AB82F72E16ECB247 /* Pods-MovieAppTests.debug.xcconfig */,
				FF9016730837597473195606 /* Pods-MovieAppTests.release.xcconfig */,
			);
			name = Pods;
			sourceTree = "<group>";
		};
		90082EC1215260B100767ED3 = {
			isa = PBXGroup;
			children = (
				90082ECC215260B100767ED3 /* MovieApp */,
				90082EE1215260B100767ED3 /* MovieAppTests */,
				90082ECB215260B100767ED3 /* Products */,
				840E6889C3D18A84FEEAE38D /* Pods */,
				A07A4CEAF7B6339D4488026C /* Frameworks */,
			);
			sourceTree = "<group>";
		};
		90082ECB215260B100767ED3 /* Products */ = {
			isa = PBXGroup;
			children = (
				90082ECA215260B100767ED3 /* MovieApp.app */,
				90082EDE215260B100767ED3 /* MovieAppTests.xctest */,
			);
			name = Products;
			sourceTree = "<group>";
		};
		90082ECC215260B100767ED3 /* MovieApp */ = {
			isa = PBXGroup;
			children = (
				90082EF0215264C500767ED3 /* controller */,
				90082EEF215264AF00767ED3 /* ViewModel */,
				90082EEE215264AA00767ED3 /* View */,
				90082EED215264A400767ED3 /* Model */,
				90082ECD215260B100767ED3 /* AppDelegate.swift */,
				90082ED1215260B100767ED3 /* Main.storyboard */,
				90082ED4215260B100767ED3 /* Assets.xcassets */,
				90082ED6215260B100767ED3 /* LaunchScreen.storyboard */,
				90082ED9215260B100767ED3 /* Info.plist */,
			);
			path = MovieApp;
			sourceTree = "<group>";
		};
		90082EE1215260B100767ED3 /* MovieAppTests */ = {
			isa = PBXGroup;
			children = (
				90082EE2215260B100767ED3 /* MovieAppTests.swift */,
				90082EE4215260B100767ED3 /* Info.plist */,
			);
			path = MovieAppTests;
			sourceTree = "<group>";
		};
		90082EED215264A400767ED3 /* Model */ = {
			isa = PBXGroup;
			children = (
				90082EF82152657300767ED3 /* MovieHomeModel.swift */,
				90082EFA2152658100767ED3 /* MovieDetailsModel.swift */,
				90082EFC2152659C00767ED3 /* MovieHomeAPIService.swift */,
				90082EFE215265AD00767ED3 /* MovieDetailsAPIService.swift */,
			);
			name = Model;
			sourceTree = "<group>";
		};
		90082EEE215264AA00767ED3 /* View */ = {
			isa = PBXGroup;
			children = (
				90082F002152660600767ED3 /* MovieCollectionViewCell.swift */,
			);
			name = View;
			sourceTree = "<group>";
		};
		90082EEF215264AF00767ED3 /* ViewModel */ = {
			isa = PBXGroup;
			children = (
				90082EF42152653C00767ED3 /* MovieHomeViewModel.swift */,
				90082EF62152654A00767ED3 /* MovieDetailViewModel.swift */,
			);
			name = ViewModel;
			sourceTree = "<group>";
		};
		90082EF0215264C500767ED3 /* controller */ = {
			isa = PBXGroup;
			children = (
				90082ECF215260B100767ED3 /* MovieHomeViewController.swift */,
				90082EF22152652800767ED3 /* MovieDetailsViewController.swift */,
			);
			name = controller;
			sourceTree = "<group>";
		};
		A07A4CEAF7B6339D4488026C /* Frameworks */ = {
			isa = PBXGroup;
			children = (
				9C84B2EEAE037A8C38B3998A /* Pods_MovieApp.framework */,
				8BFA8DCCE2ED02DC4ACB47C3 /* Pods_MovieAppTests.framework */,
			);
			name = Frameworks;
			sourceTree = "<group>";
		};
/* End PBXGroup section */

/* Begin PBXNativeTarget section */
		90082EC9215260B100767ED3 /* MovieApp */ = {
			isa = PBXNativeTarget;
			buildConfigurationList = 90082EE7215260B100767ED3 /* Build configuration list for PBXNativeTarget "MovieApp" */;
			buildPhases = (
				F1C7197120552089AD237A73 /* [CP] Check Pods Manifest.lock */,
				90082EC6215260B100767ED3 /* Sources */,
				90082EC7215260B100767ED3 /* Frameworks */,
				90082EC8215260B100767ED3 /* Resources */,
			);
			buildRules = (
			);
			dependencies = (
			);
			name = MovieApp;
			productName = MovieApp;
			productReference = 90082ECA215260B100767ED3 /* MovieApp.app */;
			productType = "com.apple.product-type.application";
		};
		90082EDD215260B100767ED3 /* MovieAppTests */ = {
			isa = PBXNativeTarget;
			buildConfigurationList = 90082EEA215260B100767ED3 /* Build configuration list for PBXNativeTarget "MovieAppTests" */;
			buildPhases = (
				0C5A6A6A91590DE70C317B36 /* [CP] Check Pods Manifest.lock */,
				90082EDA215260B100767ED3 /* Sources */,
				90082EDB215260B100767ED3 /* Frameworks */,
				90082EDC215260B100767ED3 /* Resources */,
			);
			buildRules = (
			);
			dependencies = (
				90082EE0215260B100767ED3 /* PBXTargetDependency */,
			);
			name = MovieAppTests;
			productName = MovieAppTests;
			productReference = 90082EDE215260B100767ED3 /* MovieAppTests.xctest */;
			productType = "com.apple.product-type.bundle.unit-test";
		};
/* End PBXNativeTarget section */

/* Begin PBXProject section */
		90082EC2215260B100767ED3 /* Project object */ = {
			isa = PBXProject;
			attributes = {
				LastSwiftUpdateCheck = 0820;
				LastUpgradeCheck = 0820;
				ORGANIZATIONNAME = "Adarsh Shrivastava";
				TargetAttributes = {
					90082EC9215260B100767ED3 = {
						CreatedOnToolsVersion = 8.2.1;
						ProvisioningStyle = Automatic;
					};
					90082EDD215260B100767ED3 = {
						CreatedOnToolsVersion = 8.2.1;
						ProvisioningStyle = Automatic;
						TestTargetID = 90082EC9215260B100767ED3;
					};
				};
			};
			buildConfigurationList = 90082EC5215260B100767ED3 /* Build configuration list for PBXProject "MovieApp" */;
			compatibilityVersion = "Xcode 3.2";
			developmentRegion = English;
			hasScannedForEncodings = 0;
			knownRegions = (
				en,
				Base,
			);
			mainGroup = 90082EC1215260B100767ED3;
			productRefGroup = 90082ECB215260B100767ED3 /* Products */;
			projectDirPath = "";
			projectRoot = "";
			targets = (
				90082EC9215260B100767ED3 /* MovieApp */,
				90082EDD215260B100767ED3 /* MovieAppTests */,
			);
		};
/* End PBXProject section */

/* Begin PBXResourcesBuildPhase section */
		90082EC8215260B100767ED3 /* Resources */ = {
			isa = PBXResourcesBuildPhase;
			buildActionMask = 2147483647;
			files = (
				90082ED8215260B100767ED3 /* LaunchScreen.storyboard in Resources */,
				90082ED5215260B100767ED3 /* Assets.xcassets in Resources */,
				90082ED3215260B100767ED3 /* Main.storyboard in Resources */,
			);
			runOnlyForDeploymentPostprocessing = 0;
		};
		90082EDC215260B100767ED3 /* Resources */ = {
			isa = PBXResourcesBuildPhase;
			buildActionMask = 2147483647;
			files = (
			);
			runOnlyForDeploymentPostprocessing = 0;
		};
/* End PBXResourcesBuildPhase section */

/* Begin PBXShellScriptBuildPhase section */
		0C5A6A6A91590DE70C317B36 /* [CP] Check Pods Manifest.lock */ = {
			isa = PBXShellScriptBuildPhase;
			buildActionMask = 2147483647;
			files = (
			);
			inputPaths = (
				"${PODS_PODFILE_DIR_PATH}/Podfile.lock",
				"${PODS_ROOT}/Manifest.lock",
			);
			name = "[CP] Check Pods Manifest.lock";
			outputPaths = (
				"$(DERIVED_FILE_DIR)/Pods-MovieAppTests-checkManifestLockResult.txt",
			);
			runOnlyForDeploymentPostprocessing = 0;
			shellPath = /bin/sh;
			shellScript = "diff \"${PODS_PODFILE_DIR_PATH}/Podfile.lock\" \"${PODS_ROOT}/Manifest.lock\" > /dev/null\nif [ $? != 0 ] ; then\n    # print error to STDERR\n    echo \"error: The sandbox is not in sync with the Podfile.lock. Run 'pod install' or update your CocoaPods installation.\" >&2\n    exit 1\nfi\n# This output is used by Xcode 'outputs' to avoid re-running this script phase.\necho \"SUCCESS\" > \"${SCRIPT_OUTPUT_FILE_0}\"\n";
			showEnvVarsInLog = 0;
		};
		F1C7197120552089AD237A73 /* [CP] Check Pods Manifest.lock */ = {
			isa = PBXShellScriptBuildPhase;
			buildActionMask = 2147483647;
			files = (
			);
			inputPaths = (
				"${PODS_PODFILE_DIR_PATH}/Podfile.lock",
				"${PODS_ROOT}/Manifest.lock",
			);
			name = "[CP] Check Pods Manifest.lock";
			outputPaths = (
				"$(DERIVED_FILE_DIR)/Pods-MovieApp-checkManifestLockResult.txt",
			);
			runOnlyForDeploymentPostprocessing = 0;
			shellPath = /bin/sh;
			shellScript = "diff \"${PODS_PODFILE_DIR_PATH}/Podfile.lock\" \"${PODS_ROOT}/Manifest.lock\" > /dev/null\nif [ $? != 0 ] ; then\n    # print error to STDERR\n    echo \"error: The sandbox is not in sync with the Podfile.lock. Run 'pod install' or update your CocoaPods installation.\" >&2\n    exit 1\nfi\n# This output is used by Xcode 'outputs' to avoid re-running this script phase.\necho \"SUCCESS\" > \"${SCRIPT_OUTPUT_FILE_0}\"\n";
			showEnvVarsInLog = 0;
		};
/* End PBXShellScriptBuildPhase section */

/* Begin PBXSourcesBuildPhase section */
		90082EC6215260B100767ED3 /* Sources */ = {
			isa = PBXSourcesBuildPhase;
			buildActionMask = 2147483647;
			files = (
				90082EFD2152659C00767ED3 /* MovieHomeAPIService.swift in Sources */,
				90082EF52152653C00767ED3 /* MovieHomeViewModel.swift in Sources */,
				90082EFF215265AD00767ED3 /* MovieDetailsAPIService.swift in Sources */,
				90082EF72152654A00767ED3 /* MovieDetailViewModel.swift in Sources */,
				90082EFB2152658100767ED3 /* MovieDetailsModel.swift in Sources */,
				90082ED0215260B100767ED3 /* MovieHomeViewController.swift in Sources */,
				90082ECE215260B100767ED3 /* AppDelegate.swift in Sources */,
				90082F012152660600767ED3 /* MovieCollectionViewCell.swift in Sources */,
				90082EF32152652800767ED3 /* MovieDetailsViewController.swift in Sources */,
				90082EF92152657300767ED3 /* MovieHomeModel.swift in Sources */,
			);
			runOnlyForDeploymentPostprocessing = 0;
		};
		90082EDA215260B100767ED3 /* Sources */ = {
			isa = PBXSourcesBuildPhase;
			buildActionMask = 2147483647;
			files = (
				90082EE3215260B100767ED3 /* MovieAppTests.swift in Sources */,
			);
			runOnlyForDeploymentPostprocessing = 0;
		};
/* End PBXSourcesBuildPhase section */

/* Begin PBXTargetDependency section */
		90082EE0215260B100767ED3 /* PBXTargetDependency */ = {
			isa = PBXTargetDependency;
			target = 90082EC9215260B100767ED3 /* MovieApp */;
			targetProxy = 90082EDF215260B100767ED3 /* PBXContainerItemProxy */;
		};
/* End PBXTargetDependency section */

/* Begin PBXVariantGroup section */
		90082ED1215260B100767ED3 /* Main.storyboard */ = {
			isa = PBXVariantGroup;
			children = (
				90082ED2215260B100767ED3 /* Base */,
			);
			name = Main.storyboard;
			sourceTree = "<group>";
		};
		90082ED6215260B100767ED3 /* LaunchScreen.storyboard */ = {
			isa = PBXVariantGroup;
			children = (
				90082ED7215260B100767ED3 /* Base */,
			);
			name = LaunchScreen.storyboard;
			sourceTree = "<group>";
		};
/* End PBXVariantGroup section */

/* Begin XCBuildConfiguration section */
		90082EE5215260B100767ED3 /* Debug */ = {
			isa = XCBuildConfiguration;
			buildSettings = {
				ALWAYS_SEARCH_USER_PATHS = NO;
				CLANG_ANALYZER_NONNULL = YES;
				CLANG_CXX_LANGUAGE_STANDARD = "gnu++0x";
				CLANG_CXX_LIBRARY = "libc++";
				CLANG_ENABLE_MODULES = YES;
				CLANG_ENABLE_OBJC_ARC = YES;
				CLANG_WARN_BOOL_CONVERSION = YES;
				CLANG_WARN_CONSTANT_CONVERSION = YES;
				CLANG_WARN_DIRECT_OBJC_ISA_USAGE = YES_ERROR;
				CLANG_WARN_DOCUMENTATION_COMMENTS = YES;
				CLANG_WARN_EMPTY_BODY = YES;
				CLANG_WARN_ENUM_CONVERSION = YES;
				CLANG_WARN_INFINITE_RECURSION = YES;
				CLANG_WARN_INT_CONVERSION = YES;
				CLANG_WARN_OBJC_ROOT_CLASS = YES_ERROR;
				CLANG_WARN_SUSPICIOUS_MOVE = YES;
				CLANG_WARN_UNREACHABLE_CODE = YES;
				CLANG_WARN__DUPLICATE_METHOD_MATCH = YES;
				"CODE_SIGN_IDENTITY[sdk=iphoneos*]" = "iPhone Developer";
				COPY_PHASE_STRIP = NO;
				DEBUG_INFORMATION_FORMAT = dwarf;
				ENABLE_STRICT_OBJC_MSGSEND = YES;
				ENABLE_TESTABILITY = YES;
				GCC_C_LANGUAGE_STANDARD = gnu99;
				GCC_DYNAMIC_NO_PIC = NO;
				GCC_NO_COMMON_BLOCKS = YES;
				GCC_OPTIMIZATION_LEVEL = 0;
				GCC_PREPROCESSOR_DEFINITIONS = (
					"DEBUG=1",
					"$(inherited)",
				);
				GCC_WARN_64_TO_32_BIT_CONVERSION = YES;
				GCC_WARN_ABOUT_RETURN_TYPE = YES_ERROR;
				GCC_WARN_UNDECLARED_SELECTOR = YES;
				GCC_WARN_UNINITIALIZED_AUTOS = YES_AGGRESSIVE;
				GCC_WARN_UNUSED_FUNCTION = YES;
				GCC_WARN_UNUSED_VARIABLE = YES;
				IPHONEOS_DEPLOYMENT_TARGET = 10.2;
				MTL_ENABLE_DEBUG_INFO = YES;
				ONLY_ACTIVE_ARCH = YES;
				SDKROOT = iphoneos;
				SWIFT_ACTIVE_COMPILATION_CONDITIONS = DEBUG;
				SWIFT_OPTIMIZATION_LEVEL = "-Onone";
				TARGETED_DEVICE_FAMILY = "1,2";
			};
			name = Debug;
		};
		90082EE6215260B100767ED3 /* Release */ = {
			isa = XCBuildConfiguration;
			buildSettings = {
				ALWAYS_SEARCH_USER_PATHS = NO;
				CLANG_ANALYZER_NONNULL = YES;
				CLANG_CXX_LANGUAGE_STANDARD = "gnu++0x";
				CLANG_CXX_LIBRARY = "libc++";
				CLANG_ENABLE_MODULES = YES;
				CLANG_ENABLE_OBJC_ARC = YES;
				CLANG_WARN_BOOL_CONVERSION = YES;
				CLANG_WARN_CONSTANT_CONVERSION = YES;
				CLANG_WARN_DIRECT_OBJC_ISA_USAGE = YES_ERROR;
				CLANG_WARN_DOCUMENTATION_COMMENTS = YES;
				CLANG_WARN_EMPTY_BODY = YES;
				CLANG_WARN_ENUM_CONVERSION = YES;
				CLANG_WARN_INFINITE_RECURSION = YES;
				CLANG_WARN_INT_CONVERSION = YES;
				CLANG_WARN_OBJC_ROOT_CLASS = YES_ERROR;
				CLANG_WARN_SUSPICIOUS_MOVE = YES;
				CLANG_WARN_UNREACHABLE_CODE = YES;
				CLANG_WARN__DUPLICATE_METHOD_MATCH = YES;
				"CODE_SIGN_IDENTITY[sdk=iphoneos*]" = "iPhone Developer";
				COPY_PHASE_STRIP = NO;
				DEBUG_INFORMATION_FORMAT = "dwarf-with-dsym";
				ENABLE_NS_ASSERTIONS = NO;
				ENABLE_STRICT_OBJC_MSGSEND = YES;
				GCC_C_LANGUAGE_STANDARD = gnu99;
				GCC_NO_COMMON_BLOCKS = YES;
				GCC_WARN_64_TO_32_BIT_CONVERSION = YES;
				GCC_WARN_ABOUT_RETURN_TYPE = YES_ERROR;
				GCC_WARN_UNDECLARED_SELECTOR = YES;
				GCC_WARN_UNINITIALIZED_AUTOS = YES_AGGRESSIVE;
				GCC_WARN_UNUSED_FUNCTION = YES;
				GCC_WARN_UNUSED_VARIABLE = YES;
				IPHONEOS_DEPLOYMENT_TARGET = 10.2;
				MTL_ENABLE_DEBUG_INFO = NO;
				SDKROOT = iphoneos;
				SWIFT_OPTIMIZATION_LEVEL = "-Owholemodule";
				TARGETED_DEVICE_FAMILY = "1,2";
				VALIDATE_PRODUCT = YES;
			};
			name = Release;
		};
		90082EE8215260B100767ED3 /* Debug */ = {
			isa = XCBuildConfiguration;
			baseConfigurationReference = A735A40D9C11E832A884780D /* Pods-MovieApp.debug.xcconfig */;
			buildSettings = {
				ASSETCATALOG_COMPILER_APPICON_NAME = AppIcon;
				INFOPLIST_FILE = MovieApp/Info.plist;
				LD_RUNPATH_SEARCH_PATHS = "$(inherited) @executable_path/Frameworks";
				PRODUCT_BUNDLE_IDENTIFIER = self.MovieApp;
				PRODUCT_NAME = "$(TARGET_NAME)";
				SWIFT_VERSION = 3.0;
			};
			name = Debug;
		};
		90082EE9215260B100767ED3 /* Release */ = {
			isa = XCBuildConfiguration;
			baseConfigurationReference = 4EB890EC5C08078E52CBD5A4 /* Pods-MovieApp.release.xcconfig */;
			buildSettings = {
				ASSETCATALOG_COMPILER_APPICON_NAME = AppIcon;
				INFOPLIST_FILE = MovieApp/Info.plist;
				LD_RUNPATH_SEARCH_PATHS = "$(inherited) @executable_path/Frameworks";
				PRODUCT_BUNDLE_IDENTIFIER = self.MovieApp;
				PRODUCT_NAME = "$(TARGET_NAME)";
				SWIFT_VERSION = 3.0;
			};
			name = Release;
		};
		90082EEB215260B100767ED3 /* Debug */ = {
			isa = XCBuildConfiguration;
			baseConfigurationReference = 95DAB850AB82F72E16ECB247 /* Pods-MovieAppTests.debug.xcconfig */;
			buildSettings = {
				ALWAYS_EMBED_SWIFT_STANDARD_LIBRARIES = YES;
				BUNDLE_LOADER = "$(TEST_HOST)";
				INFOPLIST_FILE = MovieAppTests/Info.plist;
				LD_RUNPATH_SEARCH_PATHS = "$(inherited) @executable_path/Frameworks @loader_path/Frameworks";
				PRODUCT_BUNDLE_IDENTIFIER = self.MovieAppTests;
				PRODUCT_NAME = "$(TARGET_NAME)";
				SWIFT_VERSION = 3.0;
				TEST_HOST = "$(BUILT_PRODUCTS_DIR)/MovieApp.app/MovieApp";
			};
			name = Debug;
		};
		90082EEC215260B100767ED3 /* Release */ = {
			isa = XCBuildConfiguration;
			baseConfigurationReference = FF9016730837597473195606 /* Pods-MovieAppTests.release.xcconfig */;
			buildSettings = {
				ALWAYS_EMBED_SWIFT_STANDARD_LIBRARIES = YES;
				BUNDLE_LOADER = "$(TEST_HOST)";
				INFOPLIST_FILE = MovieAppTests/Info.plist;
				LD_RUNPATH_SEARCH_PATHS = "$(inherited) @executable_path/Frameworks @loader_path/Frameworks";
				PRODUCT_BUNDLE_IDENTIFIER = self.MovieAppTests;
				PRODUCT_NAME = "$(TARGET_NAME)";
				SWIFT_VERSION = 3.0;
				TEST_HOST = "$(BUILT_PRODUCTS_DIR)/MovieApp.app/MovieApp";
			};
			name = Release;
		};
/* End XCBuildConfiguration section */

/* Begin XCConfigurationList section */
		90082EC5215260B100767ED3 /* Build configuration list for PBXProject "MovieApp" */ = {
			isa = XCConfigurationList;
			buildConfigurations = (
				90082EE5215260B100767ED3 /* Debug */,
				90082EE6215260B100767ED3 /* Release */,
			);
			defaultConfigurationIsVisible = 0;
			defaultConfigurationName = Release;
		};
		90082EE7215260B100767ED3 /* Build configuration list for PBXNativeTarget "MovieApp" */ = {
			isa = XCConfigurationList;
			buildConfigurations = (
				90082EE8215260B100767ED3 /* Debug */,
				90082EE9215260B100767ED3 /* Release */,
			);
			defaultConfigurationIsVisible = 0;
			defaultConfigurationName = Release;
		};
		90082EEA215260B100767ED3 /* Build configuration list for PBXNativeTarget "MovieAppTests" */ = {
			isa = XCConfigurationList;
			buildConfigurations = (
				90082EEB215260B100767ED3 /* Debug */,
				90082EEC215260B100767ED3 /* Release */,
			);
			defaultConfigurationIsVisible = 0;
			defaultConfigurationName = Release;
		};
/* End XCConfigurationList section */
	};
	rootObject = 90082EC2215260B100767ED3 /* Project object */;
}
